PODS:
  - BUKSocialKit (0.0.5):
    - BXTencentOpenAPI
    - BXWeChatSDK
    - WeiboSDK
  - BXTencentOpenAPI (2.9.5):
    - BXTencentOpenAPI/Basic (= 2.9.5)
  - BXTencentOpenAPI/Basic (2.9.5)
  - BXWeChatSDK (1.6.2)
  - WeiboSDK (3.1.3)

DEPENDENCIES:
  - BUKSocialKit (from `../`)

EXTERNAL SOURCES:
  BUKSocialKit:
    :path: ../

SPEC CHECKSUMS:
  BUKSocialKit: f16ad17563364e4c663e120769c04fa89f8f47be
  BXTencentOpenAPI: 96d941aacfde20adb3ebac6460cbbbea647ff08d
  BXWeChatSDK: 7964decb5c774b8cb3cc878a3171fade43f9902c
  WeiboSDK: acb067053668102cf07d01aa7604350162c2e466

COCOAPODS: 0.39.0
