PODS:
  - BUKSocialKit (0.0.6):
    - BXTencentOpenAPI
    - WechatOpenSDK
    - WeiboSDK
  - BXTencentOpenAPI (2.9.5):
    - BXTencentOpenAPI/Basic (= 2.9.5)
  - BXTencentOpenAPI/Basic (2.9.5)
  - WechatOpenSDK (1.8.0)
  - WeiboSDK (3.1.3)

DEPENDENCIES:
  - BUKSocialKit (from `../`)

EXTERNAL SOURCES:
  BUKSocialKit:
    :path: ../

SPEC CHECKSUMS:
  BUKSocialKit: 25ded06befd733cece080b337d871cc8e38206dd
  BXTencentOpenAPI: 96d941aacfde20adb3ebac6460cbbbea647ff08d
  WechatOpenSDK: 0ee07a8d492299d3e47372a33da5af26524a7576
  WeiboSDK: acb067053668102cf07d01aa7604350162c2e466

PODFILE CHECKSUM: 20c772895d6eb7ec36c8d19cdd7dcb4f4b896a85

COCOAPODS: 1.4.0.beta.1
